github.com/biapy/html-aria-hugo-theme v0.0.0-20240320050907-f410bfed4c4c h1:9Hm05qZuA8OsIP3Mu5pouOO6PXtEPVIaDnCYFvjA690=
github.com/biapy/html-aria-hugo-theme v0.0.0-20240320050907-f410bfed4c4c/go.mod h1:rOJC+XsKFnqhL1IxKddcRMgdV8ZVABz1quKtzzRmI3A=
github.com/biapy/html-aria-hugo-theme v0.0.0-20240320092919-9df63b73f348 h1:/pSeQSS4mF5GifR8O/isFKP5TnNO2dSpfOvNYSNVxPo=
github.com/biapy/html-aria-hugo-theme v0.0.0-20240320092919-9df63b73f348/go.mod h1:rOJC+XsKFnqhL1IxKddcRMgdV8ZVABz1quKtzzRmI3A=
